{
  "version": 4,
  "terraform_version": "1.9.8",
  "serial": 134,
  "lineage": "16d55c28-b6a2-258c-2117-398b3634918d",
  "outputs": {
    "api_ip_address": {
      "value": "34.36.73.156",
      "type": "string"
    },
    "database_connection_name": {
      "value": "misinformation-mitigation:northamerica-northeast1:misinformation-mitigation-db",
      "type": "string"
    },
    "kubernetes_cluster_name": {
      "value": "misinformation-mitigation-gke-cluster",
      "type": "string"
    }
  },
  "resources": [
    {
      "mode": "data",
      "type": "google_client_config",
      "name": "default",
      "provider": "provider[\"registry.terraform.io/hashicorp/google\"]",
      "instances": [
        {
          "schema_version": 0,
          "attributes": {
            "access_token": "ya29.a0ARW5m748ggUEQaQXomq7eyNdQwQEizLh6gtXfQF1uuROOcK7EfDX7hBIZ7dWZUqrWU84VuRYffvXNVdL9LBrNQvHYl6sTwxY8W-BFO2q-WoqQV9j-xivCTB8hHXGYhfdZZOvk5Z4CgqWanSbrKHL4VYLfhQNjS70MfJ82jBpaCgYKAV8SARASFQHGX2Mio5HRRYa5MbaUsK3x3US99Q0175",
            "id": "projects/\"misinformation-mitigation\"/regions/\"northamerica-northeast1\"/zones/\u003cnull\u003e",
            "project": "misinformation-mitigation",
            "region": "northamerica-northeast1",
            "zone": null
          },
          "sensitive_attributes": [
            [
              {
                "type": "get_attr",
                "value": "access_token"
              }
            ]
          ]
        }
      ]
    },
    {
      "mode": "data",
      "type": "google_container_cluster",
      "name": "my_cluster",
      "provider": "provider[\"registry.terraform.io/hashicorp/google\"]",
      "instances": [
        {
          "schema_version": 0,
          "attributes": {
            "addons_config": [
              {
                "cloudrun_config": [],
                "config_connector_config": [],
                "dns_cache_config": [],
                "gce_persistent_disk_csi_driver_config": [
                  {
                    "enabled": true
                  }
                ],
                "gcp_filestore_csi_driver_config": [],
                "gcs_fuse_csi_driver_config": [],
                "gke_backup_agent_config": [],
                "horizontal_pod_autoscaling": [],
                "http_load_balancing": [],
                "network_policy_config": [
                  {
                    "disabled": true
                  }
                ]
              }
            ],
            "allow_net_admin": null,
            "authenticator_groups_config": [],
            "binary_authorization": [
              {
                "enabled": false,
                "evaluation_mode": ""
              }
            ],
            "cluster_autoscaling": [
              {
                "auto_provisioning_defaults": [],
                "enabled": false,
                "resource_limits": []
              }
            ],
            "cluster_ipv4_cidr": "10.20.0.0/16",
            "confidential_nodes": [],
            "cost_management_config": [],
            "database_encryption": [
              {
                "key_name": "",
                "state": "DECRYPTED"
              }
            ],
            "datapath_provider": "",
            "default_max_pods_per_node": 110,
            "default_snat_status": [
              {
                "disabled": false
              }
            ],
            "description": "",
            "dns_config": [],
            "enable_autopilot": false,
            "enable_binary_authorization": false,
            "enable_intranode_visibility": false,
            "enable_k8s_beta_apis": [],
            "enable_kubernetes_alpha": false,
            "enable_l4_ilb_subsetting": false,
            "enable_legacy_abac": false,
            "enable_shielded_nodes": true,
            "enable_tpu": false,
            "endpoint": "34.47.1.145",
            "gateway_api_config": [],
            "id": "projects/misinformation-mitigation/locations/northamerica-northeast1-a/clusters/misinformation-mitigation-gke-cluster",
            "initial_node_count": 1,
            "ip_allocation_policy": [
              {
                "additional_pod_ranges_config": [],
                "cluster_ipv4_cidr_block": "10.20.0.0/16",
                "cluster_secondary_range_name": "pod-ranges",
                "pod_cidr_overprovision_config": [
                  {
                    "disabled": false
                  }
                ],
                "services_ipv4_cidr_block": "10.30.0.0/16",
                "services_secondary_range_name": "services-ranges",
                "stack_type": "IPV4"
              }
            ],
            "label_fingerprint": "a9dc16a7",
            "location": "northamerica-northeast1-a",
            "logging_config": [
              {
                "enable_components": [
                  "SYSTEM_COMPONENTS",
                  "WORKLOADS"
                ]
              }
            ],
            "logging_service": "logging.googleapis.com/kubernetes",
            "maintenance_policy": [],
            "master_auth": [
              {
                "client_certificate": "",
                "client_certificate_config": [
                  {
                    "issue_client_certificate": false
                  }
                ],
                "client_key": "",
                "cluster_ca_certificate": "LS0tLS1CRUdJTiBDRVJUSUZJQ0FURS0tLS0tCk1JSUVMRENDQXBTZ0F3SUJBZ0lRVVZESkV1VWtrMFlsdGVCVkVtbUxOakFOQmdrcWhraUc5dzBCQVFzRkFEQXYKTVMwd0t3WURWUVFERXlReE5HVXhNemd4WlMwMFpXRXlMVFExWTJRdFlXVmpNQzAxWldRNE16RmtOMlJtTURNdwpJQmNOTWpReE1EQTRNVFkxTkRVMVdoZ1BNakExTkRFd01ERXhOelUwTlRWYU1DOHhMVEFyQmdOVkJBTVRKREUwClpURXpPREZsTFRSbFlUSXRORFZqWkMxaFpXTXdMVFZsWkRnek1XUTNaR1l3TXpDQ0FhSXdEUVlKS29aSWh2Y04KQVFFQkJRQURnZ0dQQURDQ0FZb0NnZ0dCQUtlVXBJLzgxWEozOWJrQVZxY0VBK3BQaWtBYTB4WGUxOEF1SEczawp5M0s2emFMbWtpRVNLMmg5c3N2dWtDdHRQa1owVUpMaFBsbmtHR3ZwWDcvN09pN2paendOa3c5cmdGVUlvelRTCkNOUVpIMGNsM1FDMHV3WGw1Y3IxS2h2OFVGV2FrQ2N4KzJGbWYrNmNUdjlDd2RGWVJCUkpXOHpCT1VlKzRwUkUKMzA5alVrK0JJb0VxejJJWlNEaGl4ZDRKdkRTd01KVlAwQUtJWWJCSWVkY2praEUxU3ByTllrUFo4a2ZIT0o4aApTTEI4dGVQN3FJZjVWeTNUQW4zZlZJMXRaemtUais1bzZoK1pCTjJ5VXRKUGpoWHRteFhzZndpMjhHbkhlYlduCkhYTktCQWZ6UVBWTWhEa2JrTVJRT1dROUF4MURsc2lCMlpNZHlHVzVMY00ycFJ5QnFqWEJ2K1pUNFZKUkQ4LzYKUlpNM2ZBOEgwNkNwbGhFV2lQbjBqSlBPaUlVREU2eGJ0cTN3bjJzcW9FV2dhdzdPSnhHaFZwNDFNNTR5U3Q2WAplaXpHODJXOHUrMVNTeVFkQklxWVFIY1VQTWdnZGhsUDdxRDlzTXR2ei8xcE5GWFpXblBvTW5GNGNZZFlsM0NwCk1UWEkxSlR4RW10cUpMQnV1Qzl0T0ZFVVFRSURBUUFCbzBJd1FEQU9CZ05WSFE4QkFmOEVCQU1DQWdRd0R3WUQKVlIwVEFRSC9CQVV3QXdFQi96QWRCZ05WSFE0RUZnUVVkZ0NURXY4aHY2bDFCVmhudWVnUkNUNGE4OGN3RFFZSgpLb1pJaHZjTkFRRUxCUUFEZ2dHQkFDSXJKbyszNXlNSkw0RXVmM3VqU29UZUtXa293WmdJZlRsa21SR3NrV1htCkpVaHhoQk1EcFF4dXBlcXk0REh1RGYvY1NqT2IvakV4TXR0aHVmQnBsTTBZRTYxbVozQzZnR2xHUkx6SkNLbm0KU0wxQU1RVUZoOXdnNjRUeFVDMHJOeG1qSHJtb3Vic2o3SDJIVnRYaExIeEpPcW4rRmZ5VjlJV01OMGkwN3NzagppYkNzNS9tT0xwcnFjejZBN2w5WjNBY3UzeFFyNlhyT0swTEN3enpSWHdBWGFpNUtyRjExQk5veUovTHk1cWZWCjdzVUNma0ZWL1IzR2Qzc080dnNVaHhoRW5QR001TmV3VDlTaFd4dFc1TjZvdVBCTVpNSlc5WTE4WjdSQlpRU2UKUG9SU0pXcjcrSXZhOHZENStMUWZPZDVEL1F1WWRBTXpVd3lLQk5wVzNUUWd3VUErMy9kMUFCb1ZQQ1p3KzZvWApmVi9Vcitib290TE1pVkl4M3VNY204VWRGanhnakZoVlZhMkdPTjRvS2hYOTJPMGxoRE56T0JpcGJzaVVxL3NVCklaWFVlRVVSQlBLUHlvZEQwZHc4amgvem0rdlBmMnB1Z2xSUG5yLzVoZWtrQ043YWkxYjRDTFNBVm5QV29ZNTYKdEE3S2IyRjJacnlCWkR0RlE0RUhlUT09Ci0tLS0tRU5EIENFUlRJRklDQVRFLS0tLS0K"
              }
            ],
            "master_authorized_networks_config": [
              {
                "cidr_blocks": [
                  {
                    "cidr_block": "0.0.0.0/0",
                    "display_name": "All"
                  }
                ],
                "gcp_public_cidrs_access_enabled": false
              }
            ],
            "master_version": "1.30.6-gke.1125000",
            "mesh_certificates": [],
            "min_master_version": null,
            "monitoring_config": [
              {
                "advanced_datapath_observability_config": [
                  {
                    "enable_metrics": false,
                    "relay_mode": ""
                  }
                ],
                "enable_components": [
                  "SYSTEM_COMPONENTS",
                  "STORAGE",
                  "HPA",
                  "POD",
                  "DAEMONSET",
                  "DEPLOYMENT",
                  "STATEFULSET",
                  "KUBELET",
                  "CADVISOR"
                ],
                "managed_prometheus": [
                  {
                    "enabled": true
                  }
                ]
              }
            ],
            "monitoring_service": "monitoring.googleapis.com/kubernetes",
            "name": "misinformation-mitigation-gke-cluster",
            "network": "projects/misinformation-mitigation/global/networks/misinformation-mitigation-vpc-network",
            "network_policy": [
              {
                "enabled": false,
                "provider": "PROVIDER_UNSPECIFIED"
              }
            ],
            "networking_mode": "VPC_NATIVE",
            "node_config": [
              {
                "advanced_machine_features": [],
                "boot_disk_kms_key": "",
                "confidential_nodes": [],
                "disk_size_gb": 100,
                "disk_type": "pd-balanced",
                "ephemeral_storage_local_ssd_config": [],
                "fast_socket": [],
                "gcfs_config": [],
                "guest_accelerator": [],
                "gvnic": [],
                "host_maintenance_policy": [],
                "image_type": "COS_CONTAINERD",
                "kubelet_config": [],
                "labels": {
                  "app": "misinformation-mitigation",
                  "environment": "production"
                },
                "linux_node_config": [],
                "local_nvme_ssd_block_config": [],
                "local_ssd_count": 0,
                "logging_variant": "DEFAULT",
                "machine_type": "e2-medium",
                "metadata": {
                  "disable-legacy-endpoints": "true"
                },
                "min_cpu_platform": "",
                "node_group": "",
                "oauth_scopes": [
                  "https://www.googleapis.com/auth/cloud-platform"
                ],
                "preemptible": false,
                "reservation_affinity": [],
                "resource_labels": {},
                "service_account": "misinfo-mitigation-gke-sa@misinformation-mitigation.iam.gserviceaccount.com",
                "shielded_instance_config": [
                  {
                    "enable_integrity_monitoring": true,
                    "enable_secure_boot": false
                  }
                ],
                "sole_tenant_config": [],
                "spot": false,
                "tags": [
                  "gke-misinformation-mitigation-gke-cluster"
                ],
                "taint": [],
                "workload_metadata_config": [
                  {
                    "mode": "GKE_METADATA"
                  }
                ]
              }
            ],
            "node_locations": [],
            "node_pool": [
              {
                "autoscaling": [
                  {
                    "location_policy": "BALANCED",
                    "max_node_count": 3,
                    "min_node_count": 1,
                    "total_max_node_count": 0,
                    "total_min_node_count": 0
                  }
                ],
                "initial_node_count": 1,
                "instance_group_urls": [
                  "https://www.googleapis.com/compute/v1/projects/misinformation-mitigation/zones/northamerica-northeast1-a/instanceGroupManagers/gke-misinformation-m-misinformation-m-83d008ff-grp"
                ],
                "managed_instance_group_urls": [
                  "https://www.googleapis.com/compute/v1/projects/misinformation-mitigation/zones/northamerica-northeast1-a/instanceGroups/gke-misinformation-m-misinformation-m-83d008ff-grp"
                ],
                "management": [
                  {
                    "auto_repair": true,
                    "auto_upgrade": true
                  }
                ],
                "max_pods_per_node": 110,
                "name": "misinformation-mitigation-node-pool",
                "name_prefix": "",
                "network_config": [
                  {
                    "create_pod_range": false,
                    "enable_private_nodes": true,
                    "pod_cidr_overprovision_config": [],
                    "pod_ipv4_cidr_block": "10.20.0.0/16",
                    "pod_range": "pod-ranges"
                  }
                ],
                "node_config": [
                  {
                    "advanced_machine_features": [],
                    "boot_disk_kms_key": "",
                    "confidential_nodes": [],
                    "disk_size_gb": 100,
                    "disk_type": "pd-balanced",
                    "ephemeral_storage_local_ssd_config": [],
                    "fast_socket": [],
                    "gcfs_config": [],
                    "guest_accelerator": [],
                    "gvnic": [],
                    "host_maintenance_policy": [],
                    "image_type": "COS_CONTAINERD",
                    "kubelet_config": [],
                    "labels": {
                      "app": "misinformation-mitigation",
                      "environment": "production"
                    },
                    "linux_node_config": [],
                    "local_nvme_ssd_block_config": [],
                    "local_ssd_count": 0,
                    "logging_variant": "DEFAULT",
                    "machine_type": "e2-medium",
                    "metadata": {
                      "disable-legacy-endpoints": "true"
                    },
                    "min_cpu_platform": "",
                    "node_group": "",
                    "oauth_scopes": [
                      "https://www.googleapis.com/auth/cloud-platform"
                    ],
                    "preemptible": false,
                    "reservation_affinity": [],
                    "resource_labels": {},
                    "service_account": "misinfo-mitigation-gke-sa@misinformation-mitigation.iam.gserviceaccount.com",
                    "shielded_instance_config": [
                      {
                        "enable_integrity_monitoring": true,
                        "enable_secure_boot": false
                      }
                    ],
                    "sole_tenant_config": [],
                    "spot": false,
                    "tags": [
                      "gke-misinformation-mitigation-gke-cluster"
                    ],
                    "taint": [],
                    "workload_metadata_config": [
                      {
                        "mode": "GKE_METADATA"
                      }
                    ]
                  }
                ],
                "node_count": 2,
                "node_locations": [
                  "northamerica-northeast1-a"
                ],
                "placement_policy": [],
                "upgrade_settings": [
                  {
                    "blue_green_settings": [],
                    "max_surge": 1,
                    "max_unavailable": 0,
                    "strategy": "SURGE"
                  }
                ],
                "version": "1.30.6-gke.1125000"
              }
            ],
            "node_pool_auto_config": [],
            "node_pool_defaults": [
              {
                "node_config_defaults": [
                  {
                    "logging_variant": "DEFAULT"
                  }
                ]
              }
            ],
            "node_version": "1.30.6-gke.1125000",
            "notification_config": [
              {
                "pubsub": [
                  {
                    "enabled": false,
                    "filter": [],
                    "topic": ""
                  }
                ]
              }
            ],
            "operation": null,
            "private_cluster_config": [
              {
                "enable_private_endpoint": false,
                "enable_private_nodes": true,
                "master_global_access_config": [
                  {
                    "enabled": false
                  }
                ],
                "master_ipv4_cidr_block": "172.16.0.0/28",
                "peering_name": "",
                "private_endpoint": "172.16.0.2",
                "private_endpoint_subnetwork": "",
                "public_endpoint": "34.47.1.145"
              }
            ],
            "private_ipv6_google_access": "",
            "project": "misinformation-mitigation",
            "release_channel": [
              {
                "channel": "REGULAR"
              }
            ],
            "remove_default_node_pool": null,
            "resource_labels": {},
            "resource_usage_export_config": [],
            "security_posture_config": [
              {
                "mode": "BASIC",
                "vulnerability_mode": "VULNERABILITY_MODE_UNSPECIFIED"
              }
            ],
            "self_link": "https://container.googleapis.com/v1/projects/misinformation-mitigation/zones/northamerica-northeast1-a/clusters/misinformation-mitigation-gke-cluster",
            "service_external_ips_config": [
              {
                "enabled": false
              }
            ],
            "services_ipv4_cidr": "10.30.0.0/16",
            "subnetwork": "projects/misinformation-mitigation/regions/northamerica-northeast1/subnetworks/misinformation-mitigation-subnet",
            "tpu_ipv4_cidr_block": "",
            "vertical_pod_autoscaling": [],
            "workload_identity_config": [
              {
                "workload_pool": "misinformation-mitigation.svc.id.goog"
              }
            ]
          },
          "sensitive_attributes": []
        }
      ]
    },
    {
      "mode": "managed",
      "type": "google_compute_firewall",
      "name": "allow_egress",
      "provider": "provider[\"registry.terraform.io/hashicorp/google\"]",
      "instances": [
        {
          "schema_version": 1,
          "attributes": {
            "allow": [
              {
                "ports": [
                  "443"
                ],
                "protocol": "tcp"
              },
              {
                "ports": [
                  "53"
                ],
                "protocol": "udp"
              }
            ],
            "creation_timestamp": "2024-11-11T11:12:12.025-08:00",
            "deny": [],
            "description": "",
            "destination_ranges": [
              "0.0.0.0/0"
            ],
            "direction": "EGRESS",
            "disabled": false,
            "enable_logging": null,
            "id": "projects/misinformation-mitigation/global/firewalls/allow-egress",
            "log_config": [],
            "name": "allow-egress",
            "network": "https://www.googleapis.com/compute/v1/projects/misinformation-mitigation/global/networks/misinformation-mitigation-vpc-network",
            "priority": 1000,
            "project": "misinformation-mitigation",
            "self_link": "https://www.googleapis.com/compute/v1/projects/misinformation-mitigation/global/firewalls/allow-egress",
            "source_ranges": [],
            "source_service_accounts": [],
            "source_tags": [],
            "target_service_accounts": [],
            "target_tags": [],
            "timeouts": null
          },
          "sensitive_attributes": [],
          "private": "eyJlMmJmYjczMC1lY2FhLTExZTYtOGY4OC0zNDM2M2JjN2M0YzAiOnsiY3JlYXRlIjoxMjAwMDAwMDAwMDAwLCJkZWxldGUiOjEyMDAwMDAwMDAwMDAsInVwZGF0ZSI6MTIwMDAwMDAwMDAwMH0sInNjaGVtYV92ZXJzaW9uIjoiMSJ9",
          "dependencies": [
            "google_compute_network.vpc_network"
          ]
        }
      ]
    },
    {
      "mode": "managed",
      "type": "google_compute_firewall",
      "name": "allow_http_https",
      "provider": "provider[\"registry.terraform.io/hashicorp/google\"]",
      "instances": [
        {
          "schema_version": 1,
          "attributes": {
            "allow": [
              {
                "ports": [
                  "80",
                  "443"
                ],
                "protocol": "tcp"
              }
            ],
            "creation_timestamp": "2024-10-09T10:42:27.364-07:00",
            "deny": [],
            "description": "",
            "destination_ranges": [],
            "direction": "INGRESS",
            "disabled": false,
            "enable_logging": null,
            "id": "projects/misinformation-mitigation/global/firewalls/allow-http-https",
            "log_config": [],
            "name": "allow-http-https",
            "network": "https://www.googleapis.com/compute/v1/projects/misinformation-mitigation/global/networks/misinformation-mitigation-vpc-network",
            "priority": 1000,
            "project": "misinformation-mitigation",
            "self_link": "https://www.googleapis.com/compute/v1/projects/misinformation-mitigation/global/firewalls/allow-http-https",
            "source_ranges": [
              "0.0.0.0/0"
            ],
            "source_service_accounts": [],
            "source_tags": [],
            "target_service_accounts": [],
            "target_tags": [
              "gke-misinformation-mitigation-gke-cluster"
            ],
            "timeouts": null
          },
          "sensitive_attributes": [],
          "private": "eyJlMmJmYjczMC1lY2FhLTExZTYtOGY4OC0zNDM2M2JjN2M0YzAiOnsiY3JlYXRlIjoxMjAwMDAwMDAwMDAwLCJkZWxldGUiOjEyMDAwMDAwMDAwMDAsInVwZGF0ZSI6MTIwMDAwMDAwMDAwMH0sInNjaGVtYV92ZXJzaW9uIjoiMSJ9",
          "dependencies": [
            "google_compute_network.vpc_network"
          ]
        }
      ]
    },
    {
      "mode": "managed",
      "type": "google_compute_global_address",
      "name": "misinformation_mitigation_api_ip",
      "provider": "provider[\"registry.terraform.io/hashicorp/google\"]",
      "instances": [
        {
          "schema_version": 0,
          "attributes": {
            "address": "34.36.73.156",
            "address_type": "EXTERNAL",
            "creation_timestamp": "2024-10-09T09:33:33.575-07:00",
            "description": "",
            "id": "projects/misinformation-mitigation/global/addresses/misinformation-mitigation-api-ip",
            "ip_version": "",
            "name": "misinformation-mitigation-api-ip",
            "network": "",
            "prefix_length": 0,
            "project": "misinformation-mitigation",
            "purpose": "",
            "self_link": "https://www.googleapis.com/compute/v1/projects/misinformation-mitigation/global/addresses/misinformation-mitigation-api-ip",
            "timeouts": null
          },
          "sensitive_attributes": [],
          "private": "eyJlMmJmYjczMC1lY2FhLTExZTYtOGY4OC0zNDM2M2JjN2M0YzAiOnsiY3JlYXRlIjoxMjAwMDAwMDAwMDAwLCJkZWxldGUiOjEyMDAwMDAwMDAwMDB9fQ=="
        }
      ]
    },
    {
      "mode": "managed",
      "type": "google_compute_global_address",
      "name": "private_ip_address",
      "provider": "provider[\"registry.terraform.io/hashicorp/google\"]",
      "instances": [
        {
          "schema_version": 0,
          "attributes": {
            "address": "10.239.0.0",
            "address_type": "INTERNAL",
            "creation_timestamp": "2024-10-09T09:36:06.124-07:00",
            "description": "",
            "id": "projects/misinformation-mitigation/global/addresses/private-ip-address",
            "ip_version": "",
            "name": "private-ip-address",
            "network": "https://www.googleapis.com/compute/v1/projects/misinformation-mitigation/global/networks/misinformation-mitigation-vpc-network",
            "prefix_length": 16,
            "project": "misinformation-mitigation",
            "purpose": "VPC_PEERING",
            "self_link": "https://www.googleapis.com/compute/v1/projects/misinformation-mitigation/global/addresses/private-ip-address",
            "timeouts": null
          },
          "sensitive_attributes": [],
          "private": "eyJlMmJmYjczMC1lY2FhLTExZTYtOGY4OC0zNDM2M2JjN2M0YzAiOnsiY3JlYXRlIjoxMjAwMDAwMDAwMDAwLCJkZWxldGUiOjEyMDAwMDAwMDAwMDB9fQ==",
          "dependencies": [
            "google_compute_network.vpc_network"
          ]
        }
      ]
    },
    {
      "mode": "managed",
      "type": "google_compute_managed_ssl_certificate",
      "name": "misinformation_mitigation_cert",
      "provider": "provider[\"registry.terraform.io/hashicorp/google\"]",
      "instances": [
        {
          "schema_version": 0,
          "attributes": {
            "certificate_id": 4736373968731836624,
            "creation_timestamp": "2024-10-09T09:24:31.423-07:00",
            "description": "",
            "expire_time": "2025-03-05T05:22:41.000-08:00",
            "id": "projects/misinformation-mitigation/global/sslCertificates/misinformation-mitigation-cert",
            "managed": [
              {
                "domains": [
                  "api.veri-fact.ai"
                ]
              }
            ],
            "name": "misinformation-mitigation-cert",
            "project": "misinformation-mitigation",
            "self_link": "https://www.googleapis.com/compute/v1/projects/misinformation-mitigation/global/sslCertificates/misinformation-mitigation-cert",
            "subject_alternative_names": [
              "api.veri-fact.ai"
            ],
            "timeouts": null,
            "type": "MANAGED"
          },
          "sensitive_attributes": [],
          "private": "eyJlMmJmYjczMC1lY2FhLTExZTYtOGY4OC0zNDM2M2JjN2M0YzAiOnsiY3JlYXRlIjoxODAwMDAwMDAwMDAwLCJkZWxldGUiOjE4MDAwMDAwMDAwMDB9fQ=="
        }
      ]
    },
    {
      "mode": "managed",
      "type": "google_compute_network",
      "name": "vpc_network",
      "provider": "provider[\"registry.terraform.io/hashicorp/google\"]",
      "instances": [
        {
          "schema_version": 0,
          "attributes": {
            "auto_create_subnetworks": false,
            "delete_default_routes_on_create": false,
            "description": "",
            "enable_ula_internal_ipv6": false,
            "gateway_ipv4": "",
            "id": "projects/misinformation-mitigation/global/networks/misinformation-mitigation-vpc-network",
            "internal_ipv6_range": "",
            "mtu": 0,
            "name": "misinformation-mitigation-vpc-network",
            "network_firewall_policy_enforcement_order": "AFTER_CLASSIC_FIREWALL",
            "project": "misinformation-mitigation",
            "routing_mode": "REGIONAL",
            "self_link": "https://www.googleapis.com/compute/v1/projects/misinformation-mitigation/global/networks/misinformation-mitigation-vpc-network",
            "timeouts": null
          },
          "sensitive_attributes": [],
          "private": "eyJlMmJmYjczMC1lY2FhLTExZTYtOGY4OC0zNDM2M2JjN2M0YzAiOnsiY3JlYXRlIjoxMjAwMDAwMDAwMDAwLCJkZWxldGUiOjEyMDAwMDAwMDAwMDAsInVwZGF0ZSI6MTIwMDAwMDAwMDAwMH19"
        }
      ]
    },
    {
      "mode": "managed",
      "type": "google_compute_router",
      "name": "router",
      "provider": "provider[\"registry.terraform.io/hashicorp/google\"]",
      "instances": [
        {
          "schema_version": 0,
          "attributes": {
            "bgp": [],
            "creation_timestamp": "2024-11-11T11:12:12.152-08:00",
            "description": "",
            "encrypted_interconnect_router": false,
            "id": "projects/misinformation-mitigation/regions/northamerica-northeast1/routers/misinformation-mitigation-router",
            "name": "misinformation-mitigation-router",
            "network": "https://www.googleapis.com/compute/v1/projects/misinformation-mitigation/global/networks/misinformation-mitigation-vpc-network",
            "project": "misinformation-mitigation",
            "region": "northamerica-northeast1",
            "self_link": "https://www.googleapis.com/compute/v1/projects/misinformation-mitigation/regions/northamerica-northeast1/routers/misinformation-mitigation-router",
            "timeouts": null
          },
          "sensitive_attributes": [],
          "private": "eyJlMmJmYjczMC1lY2FhLTExZTYtOGY4OC0zNDM2M2JjN2M0YzAiOnsiY3JlYXRlIjoxMjAwMDAwMDAwMDAwLCJkZWxldGUiOjEyMDAwMDAwMDAwMDAsInVwZGF0ZSI6MTIwMDAwMDAwMDAwMH19",
          "dependencies": [
            "google_compute_network.vpc_network"
          ]
        }
      ]
    },
    {
      "mode": "managed",
      "type": "google_compute_router_nat",
      "name": "nat",
      "provider": "provider[\"registry.terraform.io/hashicorp/google\"]",
      "instances": [
        {
          "schema_version": 0,
          "attributes": {
            "drain_nat_ips": [],
            "enable_dynamic_port_allocation": false,
            "enable_endpoint_independent_mapping": true,
            "icmp_idle_timeout_sec": 30,
            "id": "misinformation-mitigation/northamerica-northeast1/misinformation-mitigation-router/misinformation-mitigation-nat",
            "log_config": [
              {
                "enable": true,
                "filter": "ERRORS_ONLY"
              }
            ],
            "max_ports_per_vm": 0,
            "min_ports_per_vm": 0,
            "name": "misinformation-mitigation-nat",
            "nat_ip_allocate_option": "AUTO_ONLY",
            "nat_ips": [],
            "project": "misinformation-mitigation",
            "region": "northamerica-northeast1",
            "router": "misinformation-mitigation-router",
            "rules": [],
            "source_subnetwork_ip_ranges_to_nat": "ALL_SUBNETWORKS_ALL_IP_RANGES",
            "subnetwork": [],
            "tcp_established_idle_timeout_sec": 1200,
            "tcp_time_wait_timeout_sec": 120,
            "tcp_transitory_idle_timeout_sec": 30,
            "timeouts": null,
            "udp_idle_timeout_sec": 30
          },
          "sensitive_attributes": [],
          "private": "eyJlMmJmYjczMC1lY2FhLTExZTYtOGY4OC0zNDM2M2JjN2M0YzAiOnsiY3JlYXRlIjoxMjAwMDAwMDAwMDAwLCJkZWxldGUiOjEyMDAwMDAwMDAwMDAsInVwZGF0ZSI6MTIwMDAwMDAwMDAwMH19",
          "dependencies": [
            "google_compute_network.vpc_network",
            "google_compute_router.router"
          ]
        }
      ]
    },
    {
      "mode": "managed",
      "type": "google_compute_subnetwork",
      "name": "subnet",
      "provider": "provider[\"registry.terraform.io/hashicorp/google\"]",
      "instances": [
        {
          "schema_version": 0,
          "attributes": {
            "creation_timestamp": "2024-10-07T12:31:12.095-07:00",
            "description": "",
            "external_ipv6_prefix": "",
            "fingerprint": null,
            "gateway_address": "10.2.0.1",
            "id": "projects/misinformation-mitigation/regions/northamerica-northeast1/subnetworks/misinformation-mitigation-subnet",
            "internal_ipv6_prefix": "",
            "ip_cidr_range": "10.2.0.0/16",
            "ipv6_access_type": "",
            "ipv6_cidr_range": "",
            "log_config": [],
            "name": "misinformation-mitigation-subnet",
            "network": "https://www.googleapis.com/compute/v1/projects/misinformation-mitigation/global/networks/misinformation-mitigation-vpc-network",
            "private_ip_google_access": true,
            "private_ipv6_google_access": "DISABLE_GOOGLE_ACCESS",
            "project": "misinformation-mitigation",
            "purpose": "PRIVATE",
            "region": "northamerica-northeast1",
            "role": "",
            "secondary_ip_range": [
              {
                "ip_cidr_range": "10.20.0.0/16",
                "range_name": "pod-ranges"
              },
              {
                "ip_cidr_range": "10.30.0.0/16",
                "range_name": "services-ranges"
              }
            ],
            "self_link": "https://www.googleapis.com/compute/v1/projects/misinformation-mitigation/regions/northamerica-northeast1/subnetworks/misinformation-mitigation-subnet",
            "stack_type": "IPV4_ONLY",
            "timeouts": null
          },
          "sensitive_attributes": [],
          "private": "eyJlMmJmYjczMC1lY2FhLTExZTYtOGY4OC0zNDM2M2JjN2M0YzAiOnsiY3JlYXRlIjoxMjAwMDAwMDAwMDAwLCJkZWxldGUiOjEyMDAwMDAwMDAwMDAsInVwZGF0ZSI6MTIwMDAwMDAwMDAwMH19",
          "dependencies": [
            "google_compute_network.vpc_network"
          ]
        }
      ]
    },
    {
      "mode": "managed",
      "type": "google_container_cluster",
      "name": "primary",
      "provider": "provider[\"registry.terraform.io/hashicorp/google\"]",
      "instances": [
        {
          "schema_version": 1,
          "attributes": {
            "addons_config": [
              {
                "cloudrun_config": [],
                "config_connector_config": [],
                "dns_cache_config": [],
                "gce_persistent_disk_csi_driver_config": [
                  {
                    "enabled": true
                  }
                ],
                "gcp_filestore_csi_driver_config": [],
                "gcs_fuse_csi_driver_config": [],
                "gke_backup_agent_config": [],
                "horizontal_pod_autoscaling": [],
                "http_load_balancing": [],
                "network_policy_config": [
                  {
                    "disabled": true
                  }
                ]
              }
            ],
            "allow_net_admin": null,
            "authenticator_groups_config": [],
            "binary_authorization": [
              {
                "enabled": false,
                "evaluation_mode": ""
              }
            ],
            "cluster_autoscaling": [
              {
                "auto_provisioning_defaults": [],
                "enabled": false,
                "resource_limits": []
              }
            ],
            "cluster_ipv4_cidr": "10.20.0.0/16",
            "confidential_nodes": [],
            "cost_management_config": [],
            "database_encryption": [
              {
                "key_name": "",
                "state": "DECRYPTED"
              }
            ],
            "datapath_provider": "",
            "default_max_pods_per_node": 110,
            "default_snat_status": [
              {
                "disabled": false
              }
            ],
            "description": "",
            "dns_config": [],
            "enable_autopilot": false,
            "enable_binary_authorization": false,
            "enable_intranode_visibility": false,
            "enable_k8s_beta_apis": [],
            "enable_kubernetes_alpha": false,
            "enable_l4_ilb_subsetting": false,
            "enable_legacy_abac": false,
            "enable_shielded_nodes": true,
            "enable_tpu": false,
            "endpoint": "34.47.1.145",
            "gateway_api_config": [],
            "id": "projects/misinformation-mitigation/locations/northamerica-northeast1-a/clusters/misinformation-mitigation-gke-cluster",
            "initial_node_count": 1,
            "ip_allocation_policy": [
              {
                "additional_pod_ranges_config": [],
                "cluster_ipv4_cidr_block": "10.20.0.0/16",
                "cluster_secondary_range_name": "pod-ranges",
                "pod_cidr_overprovision_config": [
                  {
                    "disabled": false
                  }
                ],
                "services_ipv4_cidr_block": "10.30.0.0/16",
                "services_secondary_range_name": "services-ranges",
                "stack_type": "IPV4"
              }
            ],
            "label_fingerprint": "a9dc16a7",
            "location": "northamerica-northeast1-a",
            "logging_config": [
              {
                "enable_components": [
                  "SYSTEM_COMPONENTS",
                  "WORKLOADS"
                ]
              }
            ],
            "logging_service": "logging.googleapis.com/kubernetes",
            "maintenance_policy": [],
            "master_auth": [
              {
                "client_certificate": "",
                "client_certificate_config": [
                  {
                    "issue_client_certificate": false
                  }
                ],
                "client_key": "",
                "cluster_ca_certificate": "LS0tLS1CRUdJTiBDRVJUSUZJQ0FURS0tLS0tCk1JSUVMRENDQXBTZ0F3SUJBZ0lRVVZESkV1VWtrMFlsdGVCVkVtbUxOakFOQmdrcWhraUc5dzBCQVFzRkFEQXYKTVMwd0t3WURWUVFERXlReE5HVXhNemd4WlMwMFpXRXlMVFExWTJRdFlXVmpNQzAxWldRNE16RmtOMlJtTURNdwpJQmNOTWpReE1EQTRNVFkxTkRVMVdoZ1BNakExTkRFd01ERXhOelUwTlRWYU1DOHhMVEFyQmdOVkJBTVRKREUwClpURXpPREZsTFRSbFlUSXRORFZqWkMxaFpXTXdMVFZsWkRnek1XUTNaR1l3TXpDQ0FhSXdEUVlKS29aSWh2Y04KQVFFQkJRQURnZ0dQQURDQ0FZb0NnZ0dCQUtlVXBJLzgxWEozOWJrQVZxY0VBK3BQaWtBYTB4WGUxOEF1SEczawp5M0s2emFMbWtpRVNLMmg5c3N2dWtDdHRQa1owVUpMaFBsbmtHR3ZwWDcvN09pN2paendOa3c5cmdGVUlvelRTCkNOUVpIMGNsM1FDMHV3WGw1Y3IxS2h2OFVGV2FrQ2N4KzJGbWYrNmNUdjlDd2RGWVJCUkpXOHpCT1VlKzRwUkUKMzA5alVrK0JJb0VxejJJWlNEaGl4ZDRKdkRTd01KVlAwQUtJWWJCSWVkY2praEUxU3ByTllrUFo4a2ZIT0o4aApTTEI4dGVQN3FJZjVWeTNUQW4zZlZJMXRaemtUais1bzZoK1pCTjJ5VXRKUGpoWHRteFhzZndpMjhHbkhlYlduCkhYTktCQWZ6UVBWTWhEa2JrTVJRT1dROUF4MURsc2lCMlpNZHlHVzVMY00ycFJ5QnFqWEJ2K1pUNFZKUkQ4LzYKUlpNM2ZBOEgwNkNwbGhFV2lQbjBqSlBPaUlVREU2eGJ0cTN3bjJzcW9FV2dhdzdPSnhHaFZwNDFNNTR5U3Q2WAplaXpHODJXOHUrMVNTeVFkQklxWVFIY1VQTWdnZGhsUDdxRDlzTXR2ei8xcE5GWFpXblBvTW5GNGNZZFlsM0NwCk1UWEkxSlR4RW10cUpMQnV1Qzl0T0ZFVVFRSURBUUFCbzBJd1FEQU9CZ05WSFE4QkFmOEVCQU1DQWdRd0R3WUQKVlIwVEFRSC9CQVV3QXdFQi96QWRCZ05WSFE0RUZnUVVkZ0NURXY4aHY2bDFCVmhudWVnUkNUNGE4OGN3RFFZSgpLb1pJaHZjTkFRRUxCUUFEZ2dHQkFDSXJKbyszNXlNSkw0RXVmM3VqU29UZUtXa293WmdJZlRsa21SR3NrV1htCkpVaHhoQk1EcFF4dXBlcXk0REh1RGYvY1NqT2IvakV4TXR0aHVmQnBsTTBZRTYxbVozQzZnR2xHUkx6SkNLbm0KU0wxQU1RVUZoOXdnNjRUeFVDMHJOeG1qSHJtb3Vic2o3SDJIVnRYaExIeEpPcW4rRmZ5VjlJV01OMGkwN3NzagppYkNzNS9tT0xwcnFjejZBN2w5WjNBY3UzeFFyNlhyT0swTEN3enpSWHdBWGFpNUtyRjExQk5veUovTHk1cWZWCjdzVUNma0ZWL1IzR2Qzc080dnNVaHhoRW5QR001TmV3VDlTaFd4dFc1TjZvdVBCTVpNSlc5WTE4WjdSQlpRU2UKUG9SU0pXcjcrSXZhOHZENStMUWZPZDVEL1F1WWRBTXpVd3lLQk5wVzNUUWd3VUErMy9kMUFCb1ZQQ1p3KzZvWApmVi9Vcitib290TE1pVkl4M3VNY204VWRGanhnakZoVlZhMkdPTjRvS2hYOTJPMGxoRE56T0JpcGJzaVVxL3NVCklaWFVlRVVSQlBLUHlvZEQwZHc4amgvem0rdlBmMnB1Z2xSUG5yLzVoZWtrQ043YWkxYjRDTFNBVm5QV29ZNTYKdEE3S2IyRjJacnlCWkR0RlE0RUhlUT09Ci0tLS0tRU5EIENFUlRJRklDQVRFLS0tLS0K"
              }
            ],
            "master_authorized_networks_config": [
              {
                "cidr_blocks": [
                  {
                    "cidr_block": "0.0.0.0/0",
                    "display_name": "All"
                  }
                ],
                "gcp_public_cidrs_access_enabled": false
              }
            ],
            "master_version": "1.30.6-gke.1125000",
            "mesh_certificates": [],
            "min_master_version": null,
            "monitoring_config": [
              {
                "advanced_datapath_observability_config": [
                  {
                    "enable_metrics": false,
                    "relay_mode": ""
                  }
                ],
                "enable_components": [
                  "SYSTEM_COMPONENTS",
                  "STORAGE",
                  "HPA",
                  "POD",
                  "DAEMONSET",
                  "DEPLOYMENT",
                  "STATEFULSET",
                  "KUBELET",
                  "CADVISOR"
                ],
                "managed_prometheus": [
                  {
                    "enabled": true
                  }
                ]
              }
            ],
            "monitoring_service": "monitoring.googleapis.com/kubernetes",
            "name": "misinformation-mitigation-gke-cluster",
            "network": "projects/misinformation-mitigation/global/networks/misinformation-mitigation-vpc-network",
            "network_policy": [
              {
                "enabled": false,
                "provider": "PROVIDER_UNSPECIFIED"
              }
            ],
            "networking_mode": "VPC_NATIVE",
            "node_config": [
              {
                "advanced_machine_features": [],
                "boot_disk_kms_key": "",
                "confidential_nodes": [],
                "disk_size_gb": 100,
                "disk_type": "pd-balanced",
                "ephemeral_storage_local_ssd_config": [],
                "fast_socket": [],
                "gcfs_config": [],
                "guest_accelerator": [],
                "gvnic": [],
                "host_maintenance_policy": [],
                "image_type": "COS_CONTAINERD",
                "kubelet_config": [],
                "labels": {
                  "app": "misinformation-mitigation",
                  "environment": "production"
                },
                "linux_node_config": [],
                "local_nvme_ssd_block_config": [],
                "local_ssd_count": 0,
                "logging_variant": "DEFAULT",
                "machine_type": "e2-medium",
                "metadata": {
                  "disable-legacy-endpoints": "true"
                },
                "min_cpu_platform": "",
                "node_group": "",
                "oauth_scopes": [
                  "https://www.googleapis.com/auth/cloud-platform"
                ],
                "preemptible": false,
                "reservation_affinity": [],
                "resource_labels": {},
                "service_account": "misinfo-mitigation-gke-sa@misinformation-mitigation.iam.gserviceaccount.com",
                "shielded_instance_config": [
                  {
                    "enable_integrity_monitoring": true,
                    "enable_secure_boot": false
                  }
                ],
                "sole_tenant_config": [],
                "spot": false,
                "tags": [
                  "gke-misinformation-mitigation-gke-cluster"
                ],
                "taint": [],
                "workload_metadata_config": [
                  {
                    "mode": "GKE_METADATA"
                  }
                ]
              }
            ],
            "node_locations": [],
            "node_pool": [
              {
                "autoscaling": [
                  {
                    "location_policy": "BALANCED",
                    "max_node_count": 3,
                    "min_node_count": 1,
                    "total_max_node_count": 0,
                    "total_min_node_count": 0
                  }
                ],
                "initial_node_count": 1,
                "instance_group_urls": [
                  "https://www.googleapis.com/compute/v1/projects/misinformation-mitigation/zones/northamerica-northeast1-a/instanceGroupManagers/gke-misinformation-m-misinformation-m-83d008ff-grp"
                ],
                "managed_instance_group_urls": [
                  "https://www.googleapis.com/compute/v1/projects/misinformation-mitigation/zones/northamerica-northeast1-a/instanceGroups/gke-misinformation-m-misinformation-m-83d008ff-grp"
                ],
                "management": [
                  {
                    "auto_repair": true,
                    "auto_upgrade": true
                  }
                ],
                "max_pods_per_node": 110,
                "name": "misinformation-mitigation-node-pool",
                "name_prefix": "",
                "network_config": [
                  {
                    "create_pod_range": false,
                    "enable_private_nodes": true,
                    "pod_cidr_overprovision_config": [],
                    "pod_ipv4_cidr_block": "10.20.0.0/16",
                    "pod_range": "pod-ranges"
                  }
                ],
                "node_config": [
                  {
                    "advanced_machine_features": [],
                    "boot_disk_kms_key": "",
                    "confidential_nodes": [],
                    "disk_size_gb": 100,
                    "disk_type": "pd-balanced",
                    "ephemeral_storage_local_ssd_config": [],
                    "fast_socket": [],
                    "gcfs_config": [],
                    "guest_accelerator": [],
                    "gvnic": [],
                    "host_maintenance_policy": [],
                    "image_type": "COS_CONTAINERD",
                    "kubelet_config": [],
                    "labels": {
                      "app": "misinformation-mitigation",
                      "environment": "production"
                    },
                    "linux_node_config": [],
                    "local_nvme_ssd_block_config": [],
                    "local_ssd_count": 0,
                    "logging_variant": "DEFAULT",
                    "machine_type": "e2-medium",
                    "metadata": {
                      "disable-legacy-endpoints": "true"
                    },
                    "min_cpu_platform": "",
                    "node_group": "",
                    "oauth_scopes": [
                      "https://www.googleapis.com/auth/cloud-platform"
                    ],
                    "preemptible": false,
                    "reservation_affinity": [],
                    "resource_labels": {},
                    "service_account": "misinfo-mitigation-gke-sa@misinformation-mitigation.iam.gserviceaccount.com",
                    "shielded_instance_config": [
                      {
                        "enable_integrity_monitoring": true,
                        "enable_secure_boot": false
                      }
                    ],
                    "sole_tenant_config": [],
                    "spot": false,
                    "tags": [
                      "gke-misinformation-mitigation-gke-cluster"
                    ],
                    "taint": [],
                    "workload_metadata_config": [
                      {
                        "mode": "GKE_METADATA"
                      }
                    ]
                  }
                ],
                "node_count": 2,
                "node_locations": [
                  "northamerica-northeast1-a"
                ],
                "placement_policy": [],
                "upgrade_settings": [
                  {
                    "blue_green_settings": [],
                    "max_surge": 1,
                    "max_unavailable": 0,
                    "strategy": "SURGE"
                  }
                ],
                "version": "1.30.6-gke.1125000"
              }
            ],
            "node_pool_auto_config": [],
            "node_pool_defaults": [
              {
                "node_config_defaults": [
                  {
                    "logging_variant": "DEFAULT"
                  }
                ]
              }
            ],
            "node_version": "1.30.6-gke.1125000",
            "notification_config": [
              {
                "pubsub": [
                  {
                    "enabled": false,
                    "filter": [],
                    "topic": ""
                  }
                ]
              }
            ],
            "operation": null,
            "private_cluster_config": [
              {
                "enable_private_endpoint": false,
                "enable_private_nodes": true,
                "master_global_access_config": [
                  {
                    "enabled": false
                  }
                ],
                "master_ipv4_cidr_block": "172.16.0.0/28",
                "peering_name": "",
                "private_endpoint": "172.16.0.2",
                "private_endpoint_subnetwork": "",
                "public_endpoint": "34.47.1.145"
              }
            ],
            "private_ipv6_google_access": "",
            "project": "misinformation-mitigation",
            "release_channel": [
              {
                "channel": "REGULAR"
              }
            ],
            "remove_default_node_pool": true,
            "resource_labels": {},
            "resource_usage_export_config": [],
            "security_posture_config": [
              {
                "mode": "BASIC",
                "vulnerability_mode": "VULNERABILITY_MODE_UNSPECIFIED"
              }
            ],
            "self_link": "https://container.googleapis.com/v1/projects/misinformation-mitigation/zones/northamerica-northeast1-a/clusters/misinformation-mitigation-gke-cluster",
            "service_external_ips_config": [
              {
                "enabled": false
              }
            ],
            "services_ipv4_cidr": "10.30.0.0/16",
            "subnetwork": "projects/misinformation-mitigation/regions/northamerica-northeast1/subnetworks/misinformation-mitigation-subnet",
            "timeouts": null,
            "tpu_ipv4_cidr_block": "",
            "vertical_pod_autoscaling": [],
            "workload_identity_config": [
              {
                "workload_pool": "misinformation-mitigation.svc.id.goog"
              }
            ]
          },
          "sensitive_attributes": [
            [
              {
                "type": "get_attr",
                "value": "master_auth"
              },
              {
                "type": "index",
                "value": {
                  "value": 0,
                  "type": "number"
                }
              },
              {
                "type": "get_attr",
                "value": "client_key"
              }
            ]
          ],
          "private": "eyJlMmJmYjczMC1lY2FhLTExZTYtOGY4OC0zNDM2M2JjN2M0YzAiOnsiY3JlYXRlIjoyNDAwMDAwMDAwMDAwLCJkZWxldGUiOjI0MDAwMDAwMDAwMDAsInJlYWQiOjI0MDAwMDAwMDAwMDAsInVwZGF0ZSI6MzYwMDAwMDAwMDAwMH0sInNjaGVtYV92ZXJzaW9uIjoiMSJ9",
          "dependencies": [
            "google_compute_network.vpc_network",
            "google_compute_subnetwork.subnet"
          ]
        }
      ]
    },
    {
      "mode": "managed",
      "type": "google_container_node_pool",
      "name": "primary_nodes",
      "provider": "provider[\"registry.terraform.io/hashicorp/google\"]",
      "instances": [
        {
          "schema_version": 1,
          "attributes": {
            "autoscaling": [
              {
                "location_policy": "BALANCED",
                "max_node_count": 3,
                "min_node_count": 1,
                "total_max_node_count": 0,
                "total_min_node_count": 0
              }
            ],
            "cluster": "misinformation-mitigation-gke-cluster",
            "id": "projects/misinformation-mitigation/locations/northamerica-northeast1-a/clusters/misinformation-mitigation-gke-cluster/nodePools/misinformation-mitigation-node-pool",
            "initial_node_count": 1,
            "instance_group_urls": [
              "https://www.googleapis.com/compute/v1/projects/misinformation-mitigation/zones/northamerica-northeast1-a/instanceGroupManagers/gke-misinformation-m-misinformation-m-83d008ff-grp"
            ],
            "location": "northamerica-northeast1-a",
            "managed_instance_group_urls": [
              "https://www.googleapis.com/compute/v1/projects/misinformation-mitigation/zones/northamerica-northeast1-a/instanceGroups/gke-misinformation-m-misinformation-m-83d008ff-grp"
            ],
            "management": [
              {
                "auto_repair": true,
                "auto_upgrade": true
              }
            ],
            "max_pods_per_node": 110,
            "name": "misinformation-mitigation-node-pool",
            "name_prefix": "",
            "network_config": [
              {
                "create_pod_range": false,
                "enable_private_nodes": true,
                "pod_cidr_overprovision_config": [],
                "pod_ipv4_cidr_block": "10.20.0.0/16",
                "pod_range": "pod-ranges"
              }
            ],
            "node_config": [
              {
                "advanced_machine_features": [],
                "boot_disk_kms_key": "",
                "confidential_nodes": [],
                "disk_size_gb": 100,
                "disk_type": "pd-balanced",
                "ephemeral_storage_local_ssd_config": [],
                "fast_socket": [],
                "gcfs_config": [],
                "guest_accelerator": [],
                "gvnic": [],
                "host_maintenance_policy": [],
                "image_type": "COS_CONTAINERD",
                "kubelet_config": [],
                "labels": {
                  "app": "misinformation-mitigation",
                  "environment": "production"
                },
                "linux_node_config": [],
                "local_nvme_ssd_block_config": [],
                "local_ssd_count": 0,
                "logging_variant": "DEFAULT",
                "machine_type": "e2-medium",
                "metadata": {
                  "disable-legacy-endpoints": "true"
                },
                "min_cpu_platform": "",
                "node_group": "",
                "oauth_scopes": [
                  "https://www.googleapis.com/auth/cloud-platform"
                ],
                "preemptible": false,
                "reservation_affinity": [],
                "resource_labels": {},
                "service_account": "misinfo-mitigation-gke-sa@misinformation-mitigation.iam.gserviceaccount.com",
                "shielded_instance_config": [
                  {
                    "enable_integrity_monitoring": true,
                    "enable_secure_boot": false
                  }
                ],
                "sole_tenant_config": [],
                "spot": false,
                "tags": [
                  "gke-misinformation-mitigation-gke-cluster"
                ],
                "taint": [],
                "workload_metadata_config": [
                  {
                    "mode": "GKE_METADATA"
                  }
                ]
              }
            ],
            "node_count": 2,
            "node_locations": [
              "northamerica-northeast1-a"
            ],
            "operation": null,
            "placement_policy": [],
            "project": "misinformation-mitigation",
            "timeouts": null,
            "upgrade_settings": [
              {
                "blue_green_settings": [],
                "max_surge": 1,
                "max_unavailable": 0,
                "strategy": "SURGE"
              }
            ],
            "version": "1.30.6-gke.1125000"
          },
          "sensitive_attributes": [],
          "private": "eyJlMmJmYjczMC1lY2FhLTExZTYtOGY4OC0zNDM2M2JjN2M0YzAiOnsiY3JlYXRlIjoxODAwMDAwMDAwMDAwLCJkZWxldGUiOjE4MDAwMDAwMDAwMDAsInVwZGF0ZSI6MTgwMDAwMDAwMDAwMH0sInNjaGVtYV92ZXJzaW9uIjoiMSJ9",
          "dependencies": [
            "google_compute_network.vpc_network",
            "google_compute_subnetwork.subnet",
            "google_container_cluster.primary",
            "google_service_account.gke_sa"
          ]
        }
      ]
    },
    {
      "mode": "managed",
      "type": "google_dns_managed_zone",
      "name": "veri_fact_ai",
      "provider": "provider[\"registry.terraform.io/hashicorp/google\"]",
      "instances": [
        {
          "schema_version": 0,
          "attributes": {
            "cloud_logging_config": [
              {
                "enable_logging": false
              }
            ],
            "creation_time": "2024-10-09T16:24:35.499Z",
            "description": "DNS zone for veri-fact.ai",
            "dns_name": "veri-fact.ai.",
            "dnssec_config": [],
            "force_destroy": false,
            "forwarding_config": [],
            "id": "projects/misinformation-mitigation/managedZones/veri-fact-ai-zone",
            "labels": {},
            "managed_zone_id": 77738072526625051,
            "name": "veri-fact-ai-zone",
            "name_servers": [
              "ns-cloud-e1.googledomains.com.",
              "ns-cloud-e2.googledomains.com.",
              "ns-cloud-e3.googledomains.com.",
              "ns-cloud-e4.googledomains.com."
            ],
            "peering_config": [],
            "private_visibility_config": [],
            "project": "misinformation-mitigation",
            "timeouts": null,
            "visibility": "public"
          },
          "sensitive_attributes": [],
          "private": "eyJlMmJmYjczMC1lY2FhLTExZTYtOGY4OC0zNDM2M2JjN2M0YzAiOnsiY3JlYXRlIjoxMjAwMDAwMDAwMDAwLCJkZWxldGUiOjEyMDAwMDAwMDAwMDAsInVwZGF0ZSI6MTIwMDAwMDAwMDAwMH19"
        }
      ]
    },
    {
      "mode": "managed",
      "type": "google_dns_record_set",
      "name": "api",
      "provider": "provider[\"registry.terraform.io/hashicorp/google\"]",
      "instances": [
        {
          "schema_version": 0,
          "attributes": {
            "id": "projects/misinformation-mitigation/managedZones/veri-fact-ai-zone/rrsets/api.veri-fact.ai./A",
            "managed_zone": "veri-fact-ai-zone",
            "name": "api.veri-fact.ai.",
            "project": "misinformation-mitigation",
            "routing_policy": [],
            "rrdatas": [
              "34.36.73.156"
            ],
            "ttl": 300,
            "type": "A"
          },
          "sensitive_attributes": [],
          "private": "bnVsbA==",
          "dependencies": [
            "google_compute_global_address.misinformation_mitigation_api_ip",
            "google_dns_managed_zone.veri_fact_ai"
          ]
        }
      ]
    },
    {
      "mode": "managed",
      "type": "google_project_iam_member",
      "name": "gke_sa_roles",
      "provider": "provider[\"registry.terraform.io/hashicorp/google\"]",
      "instances": [
        {
          "index_key": "roles/cloudsql.client",
          "schema_version": 0,
          "attributes": {
            "condition": [],
            "etag": "BwYmQ9pQHpk=",
            "id": "misinformation-mitigation/roles/cloudsql.client/serviceAccount:misinfo-mitigation-gke-sa@misinformation-mitigation.iam.gserviceaccount.com",
            "member": "serviceAccount:misinfo-mitigation-gke-sa@misinformation-mitigation.iam.gserviceaccount.com",
            "project": "misinformation-mitigation",
            "role": "roles/cloudsql.client"
          },
          "sensitive_attributes": [],
          "private": "bnVsbA==",
          "dependencies": [
            "google_service_account.gke_sa"
          ]
        },
        {
          "index_key": "roles/cloudsql.instanceUser",
          "schema_version": 0,
          "attributes": {
            "condition": [],
            "etag": "BwYmQ9pQHpk=",
            "id": "misinformation-mitigation/roles/cloudsql.instanceUser/serviceAccount:misinfo-mitigation-gke-sa@misinformation-mitigation.iam.gserviceaccount.com",
            "member": "serviceAccount:misinfo-mitigation-gke-sa@misinformation-mitigation.iam.gserviceaccount.com",
            "project": "misinformation-mitigation",
            "role": "roles/cloudsql.instanceUser"
          },
          "sensitive_attributes": [],
          "private": "bnVsbA==",
          "dependencies": [
            "google_service_account.gke_sa"
          ]
        },
        {
          "index_key": "roles/container.developer",
          "schema_version": 0,
          "attributes": {
            "condition": [],
            "etag": "BwYmQ9pQHpk=",
            "id": "misinformation-mitigation/roles/container.developer/serviceAccount:misinfo-mitigation-gke-sa@misinformation-mitigation.iam.gserviceaccount.com",
            "member": "serviceAccount:misinfo-mitigation-gke-sa@misinformation-mitigation.iam.gserviceaccount.com",
            "project": "misinformation-mitigation",
            "role": "roles/container.developer"
          },
          "sensitive_attributes": [],
          "private": "bnVsbA==",
          "dependencies": [
            "google_service_account.gke_sa"
          ]
        },
        {
          "index_key": "roles/storage.objectViewer",
          "schema_version": 0,
          "attributes": {
            "condition": [],
            "etag": "BwYmQ9pQHpk=",
            "id": "misinformation-mitigation/roles/storage.objectViewer/serviceAccount:misinfo-mitigation-gke-sa@misinformation-mitigation.iam.gserviceaccount.com",
            "member": "serviceAccount:misinfo-mitigation-gke-sa@misinformation-mitigation.iam.gserviceaccount.com",
            "project": "misinformation-mitigation",
            "role": "roles/storage.objectViewer"
          },
          "sensitive_attributes": [],
          "private": "bnVsbA==",
          "dependencies": [
            "google_service_account.gke_sa"
          ]
        }
      ]
    },
    {
      "mode": "managed",
      "type": "google_project_iam_member",
      "name": "user_project_owner",
      "provider": "provider[\"registry.terraform.io/hashicorp/google\"]",
      "instances": [
        {
          "schema_version": 0,
          "attributes": {
            "condition": [],
            "etag": "BwYmQ9pQHpk=",
            "id": "misinformation-mitigation/roles/owner/user:wgarneau@veri-fact.ai",
            "member": "user:wgarneau@veri-fact.ai",
            "project": "misinformation-mitigation",
            "role": "roles/owner"
          },
          "sensitive_attributes": [],
          "private": "bnVsbA=="
        }
      ]
    },
    {
      "mode": "managed",
      "type": "google_service_account",
      "name": "gke_sa",
      "provider": "provider[\"registry.terraform.io/hashicorp/google\"]",
      "instances": [
        {
          "schema_version": 0,
          "attributes": {
            "account_id": "misinfo-mitigation-gke-sa",
            "description": "",
            "disabled": false,
            "display_name": "GKE Service Account",
            "email": "misinfo-mitigation-gke-sa@misinformation-mitigation.iam.gserviceaccount.com",
            "id": "projects/misinformation-mitigation/serviceAccounts/misinfo-mitigation-gke-sa@misinformation-mitigation.iam.gserviceaccount.com",
            "member": "serviceAccount:misinfo-mitigation-gke-sa@misinformation-mitigation.iam.gserviceaccount.com",
            "name": "projects/misinformation-mitigation/serviceAccounts/misinfo-mitigation-gke-sa@misinformation-mitigation.iam.gserviceaccount.com",
            "project": "misinformation-mitigation",
            "timeouts": null,
            "unique_id": "100516453232926624519"
          },
          "sensitive_attributes": [],
          "private": "eyJlMmJmYjczMC1lY2FhLTExZTYtOGY4OC0zNDM2M2JjN2M0YzAiOnsiY3JlYXRlIjozMDAwMDAwMDAwMDB9fQ=="
        }
      ]
    },
    {
      "mode": "managed",
      "type": "google_service_account_iam_binding",
      "name": "workload_identity_sa_binding",
      "provider": "provider[\"registry.terraform.io/hashicorp/google\"]",
      "instances": [
        {
          "schema_version": 0,
          "attributes": {
            "condition": [],
            "etag": "BwYk/bxcf2s=",
            "id": "projects/misinformation-mitigation/serviceAccounts/misinfo-mitigation-gke-sa@misinformation-mitigation.iam.gserviceaccount.com/roles/iam.workloadIdentityUser",
            "members": [
              "serviceAccount:misinformation-mitigation.svc.id.goog[misinformation-mitigation/workload-identity-sa]"
            ],
            "role": "roles/iam.workloadIdentityUser",
            "service_account_id": "projects/misinformation-mitigation/serviceAccounts/misinfo-mitigation-gke-sa@misinformation-mitigation.iam.gserviceaccount.com"
          },
          "sensitive_attributes": [],
          "private": "bnVsbA==",
          "dependencies": [
            "data.google_client_config.default",
            "data.google_container_cluster.my_cluster",
            "google_compute_network.vpc_network",
            "google_compute_subnetwork.subnet",
            "google_container_cluster.primary",
            "google_service_account.gke_sa",
            "kubernetes_namespace.misinformation_mitigation",
            "kubernetes_service_account.workload_identity_sa"
          ]
        }
      ]
    },
    {
      "mode": "managed",
      "type": "google_service_networking_connection",
      "name": "private_vpc_connection",
      "provider": "provider[\"registry.terraform.io/hashicorp/google\"]",
      "instances": [
        {
          "schema_version": 0,
          "attributes": {
            "id": "projects%2Fmisinformation-mitigation%2Fglobal%2Fnetworks%2Fmisinformation-mitigation-vpc-network:servicenetworking.googleapis.com",
            "network": "projects/misinformation-mitigation/global/networks/misinformation-mitigation-vpc-network",
            "peering": "servicenetworking-googleapis-com",
            "reserved_peering_ranges": [
              "private-ip-address"
            ],
            "service": "servicenetworking.googleapis.com",
            "timeouts": null
          },
          "sensitive_attributes": [],
          "private": "eyJlMmJmYjczMC1lY2FhLTExZTYtOGY4OC0zNDM2M2JjN2M0YzAiOnsiY3JlYXRlIjo2MDAwMDAwMDAwMDAsImRlbGV0ZSI6NjAwMDAwMDAwMDAwLCJ1cGRhdGUiOjYwMDAwMDAwMDAwMH19",
          "dependencies": [
            "google_compute_global_address.private_ip_address",
            "google_compute_network.vpc_network"
          ]
        }
      ]
    },
    {
      "mode": "managed",
      "type": "google_sql_database",
      "name": "misinformation_mitigation_database",
      "provider": "provider[\"registry.terraform.io/hashicorp/google\"]",
      "instances": [
        {
          "schema_version": 0,
          "attributes": {
            "charset": "UTF8",
            "collation": "en_US.UTF8",
            "deletion_policy": "DELETE",
            "id": "projects/misinformation-mitigation/instances/misinformation-mitigation-db/databases/misinformation_mitigation_db",
            "instance": "misinformation-mitigation-db",
            "name": "misinformation_mitigation_db",
            "project": "misinformation-mitigation",
            "self_link": "https://sqladmin.googleapis.com/sql/v1beta4/projects/misinformation-mitigation/instances/misinformation-mitigation-db/databases/misinformation_mitigation_db",
            "timeouts": null
          },
          "sensitive_attributes": [],
          "private": "eyJlMmJmYjczMC1lY2FhLTExZTYtOGY4OC0zNDM2M2JjN2M0YzAiOnsiY3JlYXRlIjoxMjAwMDAwMDAwMDAwLCJkZWxldGUiOjEyMDAwMDAwMDAwMDAsInVwZGF0ZSI6MTIwMDAwMDAwMDAwMH19",
          "dependencies": [
            "google_compute_global_address.private_ip_address",
            "google_compute_network.vpc_network",
            "google_service_networking_connection.private_vpc_connection",
            "google_sql_database_instance.misinformation_mitigation_db"
          ]
        }
      ]
    },
    {
      "mode": "managed",
      "type": "google_sql_database_instance",
      "name": "misinformation_mitigation_db",
      "provider": "provider[\"registry.terraform.io/hashicorp/google\"]",
      "instances": [
        {
          "schema_version": 0,
          "attributes": {
            "available_maintenance_versions": [
              "POSTGRES_13_18.R20240910.01_31"
            ],
            "clone": [],
            "connection_name": "misinformation-mitigation:northamerica-northeast1:misinformation-mitigation-db",
            "database_version": "POSTGRES_13",
            "deletion_protection": false,
            "dns_name": "",
            "encryption_key_name": null,
            "first_ip_address": "10.239.0.3",
            "id": "misinformation-mitigation-db",
            "instance_type": "CLOUD_SQL_INSTANCE",
            "ip_address": [
              {
                "ip_address": "10.239.0.3",
                "time_to_retire": "",
                "type": "PRIVATE"
              }
            ],
            "maintenance_version": "POSTGRES_13_16.R20240910.01_02",
            "master_instance_name": "",
            "name": "misinformation-mitigation-db",
            "private_ip_address": "10.239.0.3",
            "project": "misinformation-mitigation",
            "psc_service_attachment_link": "",
            "public_ip_address": "",
            "region": "northamerica-northeast1",
            "replica_configuration": [],
            "restore_backup_context": [],
            "root_password": null,
            "self_link": "https://sqladmin.googleapis.com/sql/v1beta4/projects/misinformation-mitigation/instances/misinformation-mitigation-db",
            "server_ca_cert": [
              {
                "cert": "-----BEGIN CERTIFICATE-----\nMIIDfzCCAmegAwIBAgIBADANBgkqhkiG9w0BAQsFADB3MS0wKwYDVQQuEyQ4NGVj\nNGJkNi0yMzUzLTRmM2ItYThkYS00MGFiYmU2OWE2MDMxIzAhBgNVBAMTGkdvb2ds\nZSBDbG91ZCBTUUwgU2VydmVyIENBMRQwEgYDVQQKEwtHb29nbGUsIEluYzELMAkG\nA1UEBhMCVVMwHhcNMjQxMDA5MTYzOTM3WhcNMzQxMDA3MTY0MDM3WjB3MS0wKwYD\nVQQuEyQ4NGVjNGJkNi0yMzUzLTRmM2ItYThkYS00MGFiYmU2OWE2MDMxIzAhBgNV\nBAMTGkdvb2dsZSBDbG91ZCBTUUwgU2VydmVyIENBMRQwEgYDVQQKEwtHb29nbGUs\nIEluYzELMAkGA1UEBhMCVVMwggEiMA0GCSqGSIb3DQEBAQUAA4IBDwAwggEKAoIB\nAQC3NVyBebsQQHuE0dCskLn2n+wFe85DfkDzFyKaq9Juj0QsMdFrQnv/1BQgo6IH\nXHhpLgVlFmR344a7bYHPxL7gNJomgrFF0L/98h1Qt1Z97wzjq18LU2UwbvnuBqfz\nANoIRPL/elsf4RcUTsSaYJpAC96JO8AG1JwlbbQjWOB0sZux9VCgv/ppBuX5C347\nEXK9mAAfihEarF/SVILrJa2J7BwJpKAdin4QQyj0ymhXzRuW2CCMcxX6zQkXsr4d\nuKHGWdxZWrJBs55IjWqpxtv63uO1H0TRlMBm4kqDc6c1jLZeiMaNeqtTp2L2GS1b\nJGFVmKJA158MfPCmnYvKzNF1AgMBAAGjFjAUMBIGA1UdEwEB/wQIMAYBAf8CAQAw\nDQYJKoZIhvcNAQELBQADggEBAF7FzkNdngMz840Ft2rnZTZ4AyAYMXhuVY7dy6/g\nrF8eiB0Bta9gjjyS7Bcypmo/NDVdYLEdttSe7XbhqI/784uD1uiQWDI8hgQ3Xn6O\n9jgg8zsbnoM/wvst8HUmOpSgt7OpdKlcjQc4QUb5eXv6gfqO5af2U9y6H4vlTfvy\ns7tPqk/cN34531s8LtMwEyrujUiSNZxO7wJIy+mAv6wfTSL542tMPqYlBBhmK1gy\nAqIS9404XDg/F3sw8ZmtU4Um6r0FFRtVQaU34KAnusYFaUYecE2FmZGylu/LWR0u\nq8o5LU4cX9UygVWXhCiofMSI53s2H+dQYa6xTHiMlCpIINs=\n-----END CERTIFICATE-----",
                "common_name": "C=US,O=Google\\, Inc,CN=Google Cloud SQL Server CA,dnQualifier=84ec4bd6-2353-4f3b-a8da-40abbe69a603",
                "create_time": "2024-10-09T16:39:37.686Z",
                "expiration_time": "2034-10-07T16:40:37.686Z",
                "sha1_fingerprint": "32dcf6c10bb2882fc262ac7e4613004774552e1d"
              }
            ],
            "service_account_email_address": "p591750712284-tfum29@gcp-sa-cloud-sql.iam.gserviceaccount.com",
            "settings": [
              {
                "activation_policy": "ALWAYS",
                "active_directory_config": [],
                "advanced_machine_features": [],
                "availability_type": "ZONAL",
                "backup_configuration": [
                  {
                    "backup_retention_settings": [
                      {
                        "retained_backups": 7,
                        "retention_unit": "COUNT"
                      }
                    ],
                    "binary_log_enabled": false,
                    "enabled": true,
                    "location": "us",
                    "point_in_time_recovery_enabled": false,
                    "start_time": "06:00",
                    "transaction_log_retention_days": 7
                  }
                ],
                "collation": "",
                "connector_enforcement": "NOT_REQUIRED",
                "data_cache_config": [],
                "database_flags": [],
                "deletion_protection_enabled": false,
                "deny_maintenance_period": [],
                "disk_autoresize": true,
                "disk_autoresize_limit": 0,
                "disk_size": 10,
                "disk_type": "PD_SSD",
                "edition": "",
                "insights_config": [],
                "ip_configuration": [
                  {
                    "allocated_ip_range": "",
                    "authorized_networks": [],
                    "enable_private_path_for_google_cloud_services": false,
                    "ipv4_enabled": false,
                    "private_network": "projects/misinformation-mitigation/global/networks/misinformation-mitigation-vpc-network",
                    "psc_config": [],
                    "require_ssl": false
                  }
                ],
                "location_preference": [
                  {
                    "follow_gae_application": "",
                    "secondary_zone": "",
                    "zone": "northamerica-northeast1-b"
                  }
                ],
                "maintenance_window": [],
                "password_validation_policy": [],
                "pricing_plan": "PER_USE",
                "sql_server_audit_config": [],
                "tier": "db-f1-micro",
                "time_zone": "",
                "user_labels": {},
                "version": 21
              }
            ],
            "timeouts": null
          },
          "sensitive_attributes": [
            [
              {
                "type": "get_attr",
                "value": "root_password"
              }
            ]
          ],
          "private": "eyJlMmJmYjczMC1lY2FhLTExZTYtOGY4OC0zNDM2M2JjN2M0YzAiOnsiY3JlYXRlIjoyNDAwMDAwMDAwMDAwLCJkZWxldGUiOjE4MDAwMDAwMDAwMDAsInVwZGF0ZSI6MTgwMDAwMDAwMDAwMH19",
          "dependencies": [
            "google_compute_global_address.private_ip_address",
            "google_compute_network.vpc_network",
            "google_service_networking_connection.private_vpc_connection"
          ]
        }
      ]
    },
    {
      "mode": "managed",
      "type": "google_sql_user",
      "name": "misinformation_mitigation_user",
      "provider": "provider[\"registry.terraform.io/hashicorp/google\"]",
      "instances": [
        {
          "schema_version": 1,
          "attributes": {
            "deletion_policy": null,
            "host": "",
            "id": "misinformation_mitigation_user//misinformation-mitigation-db",
            "instance": "misinformation-mitigation-db",
            "name": "misinformation_mitigation_user",
            "password": "i\\7Y{gg65*9x8X5t",
            "password_policy": [],
            "project": "misinformation-mitigation",
            "sql_server_user_details": [],
            "timeouts": null,
            "type": ""
          },
          "sensitive_attributes": [
            [
              {
                "type": "get_attr",
                "value": "password"
              }
            ]
          ],
          "private": "eyJlMmJmYjczMC1lY2FhLTExZTYtOGY4OC0zNDM2M2JjN2M0YzAiOnsiY3JlYXRlIjo2MDAwMDAwMDAwMDAsImRlbGV0ZSI6NjAwMDAwMDAwMDAwLCJ1cGRhdGUiOjYwMDAwMDAwMDAwMH0sInNjaGVtYV92ZXJzaW9uIjoiMSJ9",
          "dependencies": [
            "google_compute_global_address.private_ip_address",
            "google_compute_network.vpc_network",
            "google_service_networking_connection.private_vpc_connection",
            "google_sql_database_instance.misinformation_mitigation_db"
          ]
        }
      ]
    },
    {
      "mode": "managed",
      "type": "kubernetes_cluster_role_binding",
      "name": "user_cluster_admin",
      "provider": "provider[\"registry.terraform.io/hashicorp/kubernetes\"]",
      "instances": [
        {
          "schema_version": 0,
          "attributes": {
            "id": "user-cluster-admin",
            "metadata": [
              {
                "annotations": {},
                "generate_name": "",
                "generation": 0,
                "labels": {},
                "name": "user-cluster-admin",
                "resource_version": "11922594",
                "uid": "1be687fc-af26-4eff-9d56-9fb60aa814bc"
              }
            ],
            "role_ref": [
              {
                "api_group": "rbac.authorization.k8s.io",
                "kind": "ClusterRole",
                "name": "cluster-admin"
              }
            ],
            "subject": [
              {
                "api_group": "rbac.authorization.k8s.io",
                "kind": "User",
                "name": "wgarneau@veri-fact.ai",
                "namespace": "default"
              }
            ]
          },
          "sensitive_attributes": [],
          "private": "bnVsbA==",
          "dependencies": [
            "data.google_client_config.default",
            "data.google_container_cluster.my_cluster",
            "google_compute_network.vpc_network",
            "google_compute_subnetwork.subnet",
            "google_container_cluster.primary"
          ]
        }
      ]
    },
    {
      "mode": "managed",
      "type": "kubernetes_deployment",
      "name": "misinformation_mitigation_api",
      "provider": "provider[\"registry.terraform.io/hashicorp/kubernetes\"]",
      "instances": [
        {
          "schema_version": 1,
          "attributes": {
            "id": "misinformation-mitigation/misinformation-mitigation-api",
            "metadata": [
              {
                "annotations": {},
                "generate_name": "",
                "generation": 33,
                "labels": {},
                "name": "misinformation-mitigation-api",
                "namespace": "misinformation-mitigation",
                "resource_version": "62039735",
                "uid": "9213a7d6-8a55-4bc7-81e4-10af39ef8fe2"
              }
            ],
            "spec": [
              {
                "min_ready_seconds": 0,
                "paused": false,
                "progress_deadline_seconds": 600,
                "replicas": "1",
                "revision_history_limit": 10,
                "selector": [
                  {
                    "match_expressions": [],
                    "match_labels": {
                      "app": "misinformation-mitigation-api"
                    }
                  }
                ],
                "strategy": [
                  {
                    "rolling_update": [
                      {
                        "max_surge": "25%",
                        "max_unavailable": "25%"
                      }
                    ],
                    "type": "RollingUpdate"
                  }
                ],
                "template": [
                  {
                    "metadata": [
                      {
                        "annotations": {
                          "timestamp": "2025-01-08T18:53:23Z"
                        },
                        "generate_name": "",
                        "generation": 0,
                        "labels": {
                          "app": "misinformation-mitigation-api"
                        },
                        "name": "",
                        "namespace": "",
                        "resource_version": "",
                        "uid": ""
                      }
                    ],
                    "spec": [
                      {
                        "active_deadline_seconds": 0,
                        "affinity": [],
                        "automount_service_account_token": true,
                        "container": [
                          {
                            "args": [],
                            "command": [],
                            "env": [
                              {
                                "name": "DATABASE_URL",
                                "value": "postgresql://misinformation_mitigation_user:i\\7Y{gg65*9x8X5t@127.0.0.1:5432/misinformation_mitigation_db",
                                "value_from": []
                              },
                              {
                                "name": "GOOGLE_SEARCH_API_KEY",
                                "value": "AIzaSyC25HefCFCeijExFjI2Y_DmaJGONe6GOb0",
                                "value_from": []
                              },
                              {
                                "name": "GOOGLE_SEARCH_ENGINE_ID",
                                "value": "b7afd763a55334afc",
                                "value_from": []
                              },
                              {
                                "name": "AUTH0_CLIENT_SECRET",
                                "value": "W1drnHcVMkhFX3Wb4M87-LuyBkwK502wUm_WPjDDtj_zIYwKfbptO87swpxbX7cW",
                                "value_from": []
                              },
                              {
                                "name": "AUTH0_CLIENT_ID",
                                "value": "kV5C28QvUSRDIo76oBYSq3qN95dlVNXM",
                                "value_from": []
                              },
                              {
                                "name": "GOOGLE_APPLICATION_CREDENTIALS",
                                "value": "/app/service-account.json",
                                "value_from": []
                              }
                            ],
                            "env_from": [],
                            "image": "gcr.io/misinformation-mitigation/misinformation-mitigation-api:latest",
                            "image_pull_policy": "Always",
                            "lifecycle": [],
                            "liveness_probe": [],
                            "name": "misinformation-mitigation-api",
                            "port": [
                              {
                                "container_port": 8001,
                                "host_ip": "",
                                "host_port": 0,
                                "name": "",
                                "protocol": "TCP"
                              }
                            ],
                            "readiness_probe": [
                              {
                                "exec": [],
                                "failure_threshold": 3,
                                "grpc": [],
                                "http_get": [
                                  {
                                    "host": "",
                                    "http_header": [],
                                    "path": "/v1/health",
                                    "port": "8001",
                                    "scheme": "HTTP"
                                  }
                                ],
                                "initial_delay_seconds": 10,
                                "period_seconds": 5,
                                "success_threshold": 1,
                                "tcp_socket": [],
                                "timeout_seconds": 1
                              }
                            ],
                            "resources": [
                              {
                                "limits": {},
                                "requests": {}
                              }
                            ],
                            "security_context": [],
                            "startup_probe": [],
                            "stdin": false,
                            "stdin_once": false,
                            "termination_message_path": "/dev/termination-log",
                            "termination_message_policy": "File",
                            "tty": false,
                            "volume_mount": [
                              {
                                "mount_path": "/app/service-account.json",
                                "mount_propagation": "None",
                                "name": "service-account-key",
                                "read_only": false,
                                "sub_path": "service-account.json"
                              }
                            ],
                            "working_dir": ""
                          },
                          {
                            "args": [],
                            "command": [
                              "/cloud_sql_proxy",
                              "-instances=misinformation-mitigation:northamerica-northeast1:misinformation-mitigation-db=tcp:5432",
                              "-ip_address_types=PRIVATE"
                            ],
                            "env": [],
                            "env_from": [],
                            "image": "gcr.io/cloudsql-docker/gce-proxy:1.33.1",
                            "image_pull_policy": "IfNotPresent",
                            "lifecycle": [],
                            "liveness_probe": [],
                            "name": "cloud-sql-proxy",
                            "port": [],
                            "readiness_probe": [],
                            "resources": [
                              {
                                "limits": {},
                                "requests": {}
                              }
                            ],
                            "security_context": [
                              {
                                "allow_privilege_escalation": true,
                                "capabilities": [],
                                "privileged": false,
                                "read_only_root_filesystem": false,
                                "run_as_group": "",
                                "run_as_non_root": true,
                                "run_as_user": "",
                                "se_linux_options": [],
                                "seccomp_profile": []
                              }
                            ],
                            "startup_probe": [],
                            "stdin": false,
                            "stdin_once": false,
                            "termination_message_path": "/dev/termination-log",
                            "termination_message_policy": "File",
                            "tty": false,
                            "volume_mount": [],
                            "working_dir": ""
                          }
                        ],
                        "dns_config": [],
                        "dns_policy": "ClusterFirst",
                        "enable_service_links": true,
                        "host_aliases": [],
                        "host_ipc": false,
                        "host_network": false,
                        "host_pid": false,
                        "hostname": "",
                        "image_pull_secrets": [],
                        "init_container": [],
                        "node_name": "",
                        "node_selector": {},
                        "os": [],
                        "priority_class_name": "",
                        "readiness_gate": [],
                        "restart_policy": "Always",
                        "runtime_class_name": "",
                        "scheduler_name": "default-scheduler",
                        "security_context": [],
                        "service_account_name": "workload-identity-sa",
                        "share_process_namespace": false,
                        "subdomain": "",
                        "termination_grace_period_seconds": 30,
                        "toleration": [],
                        "topology_spread_constraint": [],
                        "volume": [
                          {
                            "aws_elastic_block_store": [],
                            "azure_disk": [],
                            "azure_file": [],
                            "ceph_fs": [],
                            "cinder": [],
                            "config_map": [],
                            "csi": [],
                            "downward_api": [],
                            "empty_dir": [],
                            "ephemeral": [],
                            "fc": [],
                            "flex_volume": [],
                            "flocker": [],
                            "gce_persistent_disk": [],
                            "git_repo": [],
                            "glusterfs": [],
                            "host_path": [],
                            "iscsi": [],
                            "local": [],
                            "name": "service-account-key",
                            "nfs": [],
                            "persistent_volume_claim": [],
                            "photon_persistent_disk": [],
                            "projected": [],
                            "quobyte": [],
                            "rbd": [],
                            "secret": [
                              {
                                "default_mode": "0644",
                                "items": [
                                  {
                                    "key": "service-account.json",
                                    "mode": "",
                                    "path": "service-account.json"
                                  }
                                ],
                                "optional": false,
                                "secret_name": "vertex-ai-credentials"
                              }
                            ],
                            "vsphere_volume": []
                          }
                        ]
                      }
                    ]
                  }
                ]
              }
            ],
            "timeouts": null,
            "wait_for_rollout": true
          },
          "sensitive_attributes": [
            [
              {
                "type": "get_attr",
                "value": "spec"
              },
              {
                "type": "index",
                "value": {
                  "value": 0,
                  "type": "number"
                }
              },
              {
                "type": "get_attr",
                "value": "template"
              },
              {
                "type": "index",
                "value": {
                  "value": 0,
                  "type": "number"
                }
              },
              {
                "type": "get_attr",
                "value": "spec"
              },
              {
                "type": "index",
                "value": {
                  "value": 0,
                  "type": "number"
                }
              },
              {
                "type": "get_attr",
                "value": "container"
              },
              {
                "type": "index",
                "value": {
                  "value": 0,
                  "type": "number"
                }
              },
              {
                "type": "get_attr",
                "value": "env"
              },
              {
                "type": "index",
                "value": {
                  "value": 0,
                  "type": "number"
                }
              },
              {
                "type": "get_attr",
                "value": "value"
              }
            ]
          ],
          "private": "eyJlMmJmYjczMC1lY2FhLTExZTYtOGY4OC0zNDM2M2JjN2M0YzAiOnsiY3JlYXRlIjo2MDAwMDAwMDAwMDAsImRlbGV0ZSI6NjAwMDAwMDAwMDAwLCJ1cGRhdGUiOjYwMDAwMDAwMDAwMH0sInNjaGVtYV92ZXJzaW9uIjoiMSJ9",
          "dependencies": [
            "data.google_client_config.default",
            "data.google_container_cluster.my_cluster",
            "google_compute_global_address.private_ip_address",
            "google_compute_network.vpc_network",
            "google_compute_subnetwork.subnet",
            "google_container_cluster.primary",
            "google_service_account.gke_sa",
            "google_service_networking_connection.private_vpc_connection",
            "google_sql_database_instance.misinformation_mitigation_db",
            "kubernetes_namespace.misinformation_mitigation",
            "kubernetes_service_account.workload_identity_sa"
          ]
        }
      ]
    },
    {
      "mode": "managed",
      "type": "kubernetes_ingress_v1",
      "name": "misinformation_mitigation_ingress",
      "provider": "provider[\"registry.terraform.io/hashicorp/kubernetes\"]",
      "instances": [
        {
          "schema_version": 0,
          "attributes": {
            "id": "misinformation-mitigation/misinformation-mitigation-ingress",
            "metadata": [
              {
                "annotations": {
                  "ingress.gcp.kubernetes.io/pre-shared-cert": "mcrt-07acb06c-b373-45c2-bcf8-95d94e2890f3,misinformation-mitigation-cert",
                  "kubernetes.io/ingress.allow-http": "false",
                  "kubernetes.io/ingress.class": "gce",
                  "kubernetes.io/ingress.force-ssl-redirect": "true",
                  "kubernetes.io/ingress.global-static-ip-name": "misinformation-mitigation-api-ip",
                  "networking.gke.io/managed-certificates": "misinformation-mitigation-cert"
                },
                "generate_name": "",
                "generation": 1,
                "labels": {},
                "name": "misinformation-mitigation-ingress",
                "namespace": "misinformation-mitigation",
                "resource_version": "31603651",
                "uid": "13598cac-8777-4450-88e3-748135618349"
              }
            ],
            "spec": [
              {
                "default_backend": [
                  {
                    "resource": [],
                    "service": [
                      {
                        "name": "misinformation-mitigation-api",
                        "port": [
                          {
                            "name": "",
                            "number": 80
                          }
                        ]
                      }
                    ]
                  }
                ],
                "ingress_class_name": "",
                "rule": [
                  {
                    "host": "api.veri-fact.ai",
                    "http": [
                      {
                        "path": [
                          {
                            "backend": [
                              {
                                "resource": [],
                                "service": [
                                  {
                                    "name": "misinformation-mitigation-api",
                                    "port": [
                                      {
                                        "name": "",
                                        "number": 80
                                      }
                                    ]
                                  }
                                ]
                              }
                            ],
                            "path": "/",
                            "path_type": "Prefix"
                          }
                        ]
                      }
                    ]
                  }
                ],
                "tls": []
              }
            ],
            "status": [
              {
                "load_balancer": [
                  {
                    "ingress": [
                      {
                        "hostname": "",
                        "ip": "34.36.73.156"
                      }
                    ]
                  }
                ]
              }
            ],
            "timeouts": null,
            "wait_for_load_balancer": null
          },
          "sensitive_attributes": [],
          "private": "eyJlMmJmYjczMC1lY2FhLTExZTYtOGY4OC0zNDM2M2JjN2M0YzAiOnsiY3JlYXRlIjoxMjAwMDAwMDAwMDAwLCJkZWxldGUiOjEyMDAwMDAwMDAwMDB9fQ==",
          "dependencies": [
            "data.google_client_config.default",
            "data.google_container_cluster.my_cluster",
            "google_compute_global_address.misinformation_mitigation_api_ip",
            "google_compute_global_address.private_ip_address",
            "google_compute_managed_ssl_certificate.misinformation_mitigation_cert",
            "google_compute_network.vpc_network",
            "google_compute_subnetwork.subnet",
            "google_container_cluster.primary",
            "google_service_account.gke_sa",
            "google_service_networking_connection.private_vpc_connection",
            "google_sql_database_instance.misinformation_mitigation_db",
            "kubernetes_deployment.misinformation_mitigation_api",
            "kubernetes_namespace.misinformation_mitigation",
            "kubernetes_service.misinformation_mitigation_api",
            "kubernetes_service_account.workload_identity_sa"
          ]
        }
      ]
    },
    {
      "mode": "managed",
      "type": "kubernetes_manifest",
      "name": "managed_certificate",
      "provider": "provider[\"registry.terraform.io/hashicorp/kubernetes\"]",
      "instances": [
        {
          "schema_version": 1,
          "attributes": {
            "computed_fields": null,
            "field_manager": [],
            "manifest": {
              "value": {
                "apiVersion": "networking.gke.io/v1",
                "kind": "ManagedCertificate",
                "metadata": {
                  "name": "misinformation-mitigation-cert",
                  "namespace": "misinformation-mitigation"
                },
                "spec": {
                  "domains": [
                    "api.veri-fact.ai"
                  ]
                }
              },
              "type": [
                "object",
                {
                  "apiVersion": "string",
                  "kind": "string",
                  "metadata": [
                    "object",
                    {
                      "name": "string",
                      "namespace": "string"
                    }
                  ],
                  "spec": [
                    "object",
                    {
                      "domains": [
                        "tuple",
                        [
                          "string"
                        ]
                      ]
                    }
                  ]
                }
              ]
            },
            "object": {
              "value": {
                "apiVersion": "networking.gke.io/v1",
                "kind": "ManagedCertificate",
                "metadata": {
                  "annotations": null,
                  "creationTimestamp": null,
                  "deletionGracePeriodSeconds": null,
                  "deletionTimestamp": null,
                  "finalizers": null,
                  "generateName": null,
                  "generation": null,
                  "labels": null,
                  "managedFields": null,
                  "name": "misinformation-mitigation-cert",
                  "namespace": "misinformation-mitigation",
                  "ownerReferences": null,
                  "resourceVersion": null,
                  "selfLink": null,
                  "uid": null
                },
                "spec": {
                  "domains": [
                    "api.veri-fact.ai"
                  ]
                }
              },
              "type": [
                "object",
                {
                  "apiVersion": "string",
                  "kind": "string",
                  "metadata": [
                    "object",
                    {
                      "annotations": [
                        "map",
                        "string"
                      ],
                      "creationTimestamp": "string",
                      "deletionGracePeriodSeconds": "number",
                      "deletionTimestamp": "string",
                      "finalizers": [
                        "list",
                        "string"
                      ],
                      "generateName": "string",
                      "generation": "number",
                      "labels": [
                        "map",
                        "string"
                      ],
                      "managedFields": [
                        "tuple",
                        [
                          [
                            "object",
                            {
                              "apiVersion": "string",
                              "fieldsType": "string",
                              "fieldsV1": "dynamic",
                              "manager": "string",
                              "operation": "string",
                              "subresource": "string",
                              "time": "string"
                            }
                          ]
                        ]
                      ],
                      "name": "string",
                      "namespace": "string",
                      "ownerReferences": [
                        "list",
                        [
                          "object",
                          {
                            "apiVersion": "string",
                            "blockOwnerDeletion": "bool",
                            "controller": "bool",
                            "kind": "string",
                            "name": "string",
                            "uid": "string"
                          }
                        ]
                      ],
                      "resourceVersion": "string",
                      "selfLink": "string",
                      "uid": "string"
                    }
                  ],
                  "spec": [
                    "object",
                    {
                      "domains": [
                        "list",
                        "string"
                      ]
                    }
                  ]
                }
              ]
            },
            "timeouts": [],
            "wait": [],
            "wait_for": null
          },
          "sensitive_attributes": [],
          "dependencies": [
            "data.google_client_config.default",
            "data.google_container_cluster.my_cluster",
            "google_compute_network.vpc_network",
            "google_compute_subnetwork.subnet",
            "google_container_cluster.primary",
            "kubernetes_namespace.misinformation_mitigation"
          ]
        }
      ]
    },
    {
      "mode": "managed",
      "type": "kubernetes_namespace",
      "name": "misinformation_mitigation",
      "provider": "provider[\"registry.terraform.io/hashicorp/kubernetes\"]",
      "instances": [
        {
          "schema_version": 0,
          "attributes": {
            "id": "misinformation-mitigation",
            "metadata": [
              {
                "annotations": {},
                "generate_name": "",
                "generation": 0,
                "labels": {},
                "name": "misinformation-mitigation",
                "resource_version": "859557",
                "uid": "54c2f625-7f44-4e55-83ed-9f7b429ba3cf"
              }
            ],
            "timeouts": null,
            "wait_for_default_service_account": false
          },
          "sensitive_attributes": [],
          "private": "eyJlMmJmYjczMC1lY2FhLTExZTYtOGY4OC0zNDM2M2JjN2M0YzAiOnsiZGVsZXRlIjozMDAwMDAwMDAwMDB9fQ==",
          "dependencies": [
            "data.google_client_config.default",
            "data.google_container_cluster.my_cluster",
            "google_compute_network.vpc_network",
            "google_compute_subnetwork.subnet",
            "google_container_cluster.primary"
          ]
        }
      ]
    },
    {
      "mode": "managed",
      "type": "kubernetes_role_binding",
      "name": "user_namespace_admin",
      "provider": "provider[\"registry.terraform.io/hashicorp/kubernetes\"]",
      "instances": [
        {
          "schema_version": 0,
          "attributes": {
            "id": "misinformation-mitigation/user-namespace-admin",
            "metadata": [
              {
                "annotations": {},
                "generate_name": "",
                "generation": 0,
                "labels": {},
                "name": "user-namespace-admin",
                "namespace": "misinformation-mitigation",
                "resource_version": "895319",
                "uid": "f92786a6-1b53-4984-87e3-3594e3edc36a"
              }
            ],
            "role_ref": [
              {
                "api_group": "rbac.authorization.k8s.io",
                "kind": "ClusterRole",
                "name": "admin"
              }
            ],
            "subject": [
              {
                "api_group": "rbac.authorization.k8s.io",
                "kind": "User",
                "name": "wgarneau@veri-fact.ai",
                "namespace": "default"
              }
            ]
          },
          "sensitive_attributes": [],
          "private": "bnVsbA==",
          "dependencies": [
            "data.google_client_config.default",
            "data.google_container_cluster.my_cluster",
            "google_compute_network.vpc_network",
            "google_compute_subnetwork.subnet",
            "google_container_cluster.primary",
            "kubernetes_namespace.misinformation_mitigation"
          ]
        }
      ]
    },
    {
      "mode": "managed",
      "type": "kubernetes_service",
      "name": "misinformation_mitigation_api",
      "provider": "provider[\"registry.terraform.io/hashicorp/kubernetes\"]",
      "instances": [
        {
          "schema_version": 1,
          "attributes": {
            "id": "misinformation-mitigation/misinformation-mitigation-api",
            "metadata": [
              {
                "annotations": {},
                "generate_name": "",
                "generation": 0,
                "labels": {},
                "name": "misinformation-mitigation-api",
                "namespace": "misinformation-mitigation",
                "resource_version": "899825",
                "uid": "1e8f256b-0547-4ff4-ac26-96af1e9b90a6"
              }
            ],
            "spec": [
              {
                "allocate_load_balancer_node_ports": true,
                "cluster_ip": "10.30.174.212",
                "cluster_ips": [
                  "10.30.174.212"
                ],
                "external_ips": [],
                "external_name": "",
                "external_traffic_policy": "Cluster",
                "health_check_node_port": 0,
                "internal_traffic_policy": "Cluster",
                "ip_families": [
                  "IPv4"
                ],
                "ip_family_policy": "SingleStack",
                "load_balancer_class": "",
                "load_balancer_ip": "",
                "load_balancer_source_ranges": [],
                "port": [
                  {
                    "app_protocol": "",
                    "name": "",
                    "node_port": 32299,
                    "port": 80,
                    "protocol": "TCP",
                    "target_port": "8001"
                  }
                ],
                "publish_not_ready_addresses": false,
                "selector": {
                  "app": "misinformation-mitigation-api"
                },
                "session_affinity": "None",
                "session_affinity_config": [],
                "type": "NodePort"
              }
            ],
            "status": [
              {
                "load_balancer": [
                  {
                    "ingress": []
                  }
                ]
              }
            ],
            "timeouts": null,
            "wait_for_load_balancer": true
          },
          "sensitive_attributes": [],
          "private": "eyJlMmJmYjczMC1lY2FhLTExZTYtOGY4OC0zNDM2M2JjN2M0YzAiOnsiY3JlYXRlIjo2MDAwMDAwMDAwMDB9LCJzY2hlbWFfdmVyc2lvbiI6IjEifQ==",
          "dependencies": [
            "data.google_client_config.default",
            "data.google_container_cluster.my_cluster",
            "google_compute_global_address.private_ip_address",
            "google_compute_network.vpc_network",
            "google_compute_subnetwork.subnet",
            "google_container_cluster.primary",
            "google_service_account.gke_sa",
            "google_service_networking_connection.private_vpc_connection",
            "google_sql_database_instance.misinformation_mitigation_db",
            "kubernetes_deployment.misinformation_mitigation_api",
            "kubernetes_namespace.misinformation_mitigation",
            "kubernetes_service_account.workload_identity_sa"
          ]
        }
      ]
    },
    {
      "mode": "managed",
      "type": "kubernetes_service_account",
      "name": "workload_identity_sa",
      "provider": "provider[\"registry.terraform.io/hashicorp/kubernetes\"]",
      "instances": [
        {
          "schema_version": 0,
          "attributes": {
            "automount_service_account_token": true,
            "default_secret_name": "",
            "id": "misinformation-mitigation/workload-identity-sa",
            "image_pull_secret": [],
            "metadata": [
              {
                "annotations": {
                  "iam.gke.io/gcp-service-account": "misinfo-mitigation-gke-sa@misinformation-mitigation.iam.gserviceaccount.com"
                },
                "generate_name": "",
                "generation": 0,
                "labels": {},
                "name": "workload-identity-sa",
                "namespace": "misinformation-mitigation",
                "resource_version": "884222",
                "uid": "7ca2a069-57bf-4d67-b9c5-e2bef46f92cd"
              }
            ],
            "secret": [],
            "timeouts": null
          },
          "sensitive_attributes": [],
          "private": "eyJlMmJmYjczMC1lY2FhLTExZTYtOGY4OC0zNDM2M2JjN2M0YzAiOnsiY3JlYXRlIjozMDAwMDAwMDAwMH19",
          "dependencies": [
            "data.google_client_config.default",
            "data.google_container_cluster.my_cluster",
            "google_compute_network.vpc_network",
            "google_compute_subnetwork.subnet",
            "google_container_cluster.primary",
            "google_service_account.gke_sa",
            "kubernetes_namespace.misinformation_mitigation"
          ]
        }
      ]
    }
  ],
  "check_results": null
}
